
Microsoft Visual Studio Solution File, Format Version 12.00
# Visual Studio 15
VisualStudioVersion = 15.0.27130.2010
MinimumVisualStudioVersion = 10.0.40219.1
Project("{FAE04EC0-301F-11D3-BF4B-00C04F79EFBC}") = "RelianceQuoteWebAPI", "RelianceQuoteWebAPI\RelianceQuoteWebAPI.csproj", "{E55035B8-05C3-4C35-AF4D-F90A9EC4D5E3}"
EndProject
Global
	GlobalSection(SolutionConfigurationPlatforms) = preSolution
		Debug|Any CPU = Debug|Any CPU
		Release|Any CPU = Release|Any CPU
	EndGlobalSection
	GlobalSection(ProjectConfigurationPlatforms) = postSolution
		{E55035B8-05C3-4C35-AF4D-F90A9EC4D5E3}.Debug|Any CPU.ActiveCfg = Debug|Any CPU
		{E55035B8-05C3-4C35-AF4D-F90A9EC4D5E3}.Debug|Any CPU.Build.0 = Debug|Any CPU
		{E55035B8-05C3-4C35-AF4D-F90A9EC4D5E3}.Release|Any CPU.ActiveCfg = Release|Any CPU
		{E55035B8-05C3-4C35-AF4D-F90A9EC4D5E3}.Release|Any CPU.Build.0 = Release|Any CPU
	EndGlobalSection
	GlobalSection(SolutionProperties) = preSolution
		HideSolutionNode = FALSE
	EndGlobalSection
	GlobalSection(ExtensibilityGlobals) = postSolution
		SolutionGuid = {DE02BF5A-BB7C-470C-8398-F9C9BB63BA32}
	EndGlobalSection
EndGlobal
